// !$*UTF8*$!
{
	archiveVersion = 1;
	classes = {
	};
	objectVersion = 50;
	objects = {

/* Begin PBXBuildFile section */
		ABFCC5A92170761400E65920 /* AppDelegate.swift in Sources */ = {isa = PBXBuildFile; fileRef = ABFCC5A82170761400E65920 /* AppDelegate.swift */; };
		ABFCC5AB2170761400E65920 /* ViewController.swift in Sources */ = {isa = PBXBuildFile; fileRef = ABFCC5AA2170761400E65920 /* ViewController.swift */; };
		ABFCC5AE2170761400E65920 /* Main.storyboard in Resources */ = {isa = PBXBuildFile; fileRef = ABFCC5AC2170761400E65920 /* Main.storyboard */; };
		ABFCC5B12170761400E65920 /* BabyJaundice.xcdatamodeld in Sources */ = {isa = PBXBuildFile; fileRef = ABFCC5AF2170761400E65920 /* BabyJaundice.xcdatamodeld */; };
		ABFCC5B32170761500E65920 /* Assets.xcassets in Resources */ = {isa = PBXBuildFile; fileRef = ABFCC5B22170761500E65920 /* Assets.xcassets */; };
		ABFCC5B62170761500E65920 /* LaunchScreen.storyboard in Resources */ = {isa = PBXBuildFile; fileRef = ABFCC5B42170761500E65920 /* LaunchScreen.storyboard */; };
/* End PBXBuildFile section */

/* Begin PBXFileReference section */
		ABFCC5A52170761400E65920 /* BabyJaundice.app */ = {isa = PBXFileReference; explicitFileType = wrapper.application; includeInIndex = 0; path = BabyJaundice.app; sourceTree = BUILT_PRODUCTS_DIR; };
		ABFCC5A82170761400E65920 /* AppDelegate.swift */ = {isa = PBXFileReference; lastKnownFileType = sourcecode.swift; path = AppDelegate.swift; sourceTree = "<group>"; };
		ABFCC5AA2170761400E65920 /* ViewController.swift */ = {isa = PBXFileReference; lastKnownFileType = sourcecode.swift; path = ViewController.swift; sourceTree = "<group>"; };
		ABFCC5AD2170761400E65920 /* Base */ = {isa = PBXFileReference; lastKnownFileType = file.storyboard; name = Base; path = Base.lproj/Main.storyboard; sourceTree = "<group>"; };
		ABFCC5B02170761400E65920 /* BabyJaundice.xcdatamodel */ = {isa = PBXFileReference; lastKnownFileType = wrapper.xcdatamodel; path = BabyJaundice.xcdatamodel; sourceTree = "<group>"; };
		ABFCC5B22170761500E65920 /* Assets.xcassets */ = {isa = PBXFileReference; lastKnownFileType = folder.assetcatalog; path = Assets.xcassets; sourceTree = "<group>"; };
		ABFCC5B52170761500E65920 /* Base */ = {isa = PBXFileReference; lastKnownFileType = file.storyboard; name = Base; path = Base.lproj/LaunchScreen.storyboard; sourceTree = "<group>"; };
		ABFCC5B72170761500E65920 /* Info.plist */ = {isa = PBXFileReference; lastKnownFileType = text.plist.xml; path = Info.plist; sourceTree = "<group>"; };
/* End PBXFileReference section */

/* Begin PBXFrameworksBuildPhase section */
		ABFCC5A22170761400E65920 /* Frameworks */ = {
			isa = PBXFrameworksBuildPhase;
			buildActionMask = 2147483647;
			files = (
			);
			runOnlyForDeploymentPostprocessing = 0;
		};
/* End PBXFrameworksBuildPhase section */

/* Begin PBXGroup section */
		ABFCC59C2170761400E65920 = {
			isa = PBXGroup;
			children = (
				ABFCC5A72170761400E65920 /* BabyJaundice */,
				ABFCC5A62170761400E65920 /* Products */,
			);
			sourceTree = "<group>";
		};
		ABFCC5A62170761400E65920 /* Products */ = {
			isa = PBXGroup;
			children = (
				ABFCC5A52170761400E65920 /* BabyJaundice.app */,
			);
			name = Products;
			sourceTree = "<group>";
		};
		ABFCC5A72170761400E65920 /* BabyJaundice */ = {
			isa = PBXGroup;
			children = (
				ABFCC5A82170761400E65920 /* AppDelegate.swift */,
				ABFCC5AA2170761400E65920 /* ViewController.swift */,
				ABFCC5AC2170761400E65920 /* Main.storyboard */,
				ABFCC5B22170761500E65920 /* Assets.xcassets */,
				ABFCC5B42170761500E65920 /* LaunchScreen.storyboard */,
				ABFCC5B72170761500E65920 /* Info.plist */,
				ABFCC5AF2170761400E65920 /* BabyJaundice.xcdatamodeld */,
			);
			path = BabyJaundice;
			sourceTree = "<group>";
		};
/* End PBXGroup section */

/* Begin PBXNativeTarget section */
		ABFCC5A42170761400E65920 /* BabyJaundice */ = {
			isa = PBXNativeTarget;
			buildConfigurationList = ABFCC5BA2170761500E65920 /* Build configuration list for PBXNativeTarget "BabyJaundice" */;
			buildPhases = (
				ABFCC5A12170761400E65920 /* Sources */,
				ABFCC5A22170761400E65920 /* Frameworks */,
				ABFCC5A32170761400E65920 /* Resources */,
			);
			buildRules = (
			);
			dependencies = (
			);
			name = BabyJaundice;
			productName = BabyJaundice;
			productReference = ABFCC5A52170761400E65920 /* BabyJaundice.app */;
			productType = "com.apple.product-type.application";
		};
/* End PBXNativeTarget section */

/* Begin PBXProject section */
		ABFCC59D2170761400E65920 /* Project object */ = {
			isa = PBXProject;
			attributes = {
				LastSwiftUpdateCheck = 1000;
				LastUpgradeCheck = 1000;
				ORGANIZATIONNAME = "TALHA AYAR";
				TargetAttributes = {
					ABFCC5A42170761400E65920 = {
						CreatedOnToolsVersion = 10.0;
					};
				};
			};
			buildConfigurationList = ABFCC5A02170761400E65920 /* Build configuration list for PBXProject "BabyJaundice" */;
			compatibilityVersion = "Xcode 9.3";
			developmentRegion = en;
			hasScannedForEncodings = 0;
			knownRegions = (
				en,
				Base,
			);
			mainGroup = ABFCC59C2170761400E65920;
			productRefGroup = ABFCC5A62170761400E65920 /* Products */;
			projectDirPath = "";
			projectRoot = "";
			targets = (
				ABFCC5A42170761400E65920 /* BabyJaundice */,
			);
		};
/* End PBXProject section */

/* Begin PBXResourcesBuildPhase section */
		ABFCC5A32170761400E65920 /* Resources */ = {
			isa = PBXResourcesBuildPhase;
			buildActionMask = 2147483647;
			files = (
				ABFCC5B62170761500E65920 /* LaunchScreen.storyboard in Resources */,
				ABFCC5B32170761500E65920 /* Assets.xcassets in Resources */,
				ABFCC5AE2170761400E65920 /* Main.storyboard in Resources */,
			);
			runOnlyForDeploymentPostprocessing = 0;
		};
/* End PBXResourcesBuildPhase section */

/* Begin PBXSourcesBuildPhase section */
		ABFCC5A12170761400E65920 /* Sources */ = {
			isa = PBXSourcesBuildPhase;
			buildActionMask = 2147483647;
			files = (
				ABFCC5AB2170761400E65920 /* ViewController.swift in Sources */,
				ABFCC5B12170761400E65920 /* BabyJaundice.xcdatamodeld in Sources */,
				ABFCC5A92170761400E65920 /* AppDelegate.swift in Sources */,
			);
			runOnlyForDeploymentPostprocessing = 0;
		};
/* End PBXSourcesBuildPhase section */

/* Begin PBXVariantGroup section */
		ABFCC5AC2170761400E65920 /* Main.storyboard */ = {
			isa = PBXVariantGroup;
			children = (
				ABFCC5AD2170761400E65920 /* Base */,
			);
			name = Main.storyboard;
			sourceTree = "<group>";
		};
		ABFCC5B42170761500E65920 /* LaunchScreen.storyboard */ = {
			isa = PBXVariantGroup;
			children = (
				ABFCC5B52170761500E65920 /* Base */,
			);
			name = LaunchScreen.storyboard;
			sourceTree = "<group>";
		};
/* End PBXVariantGroup section */

/* Begin XCBuildConfiguration section */
		ABFCC5B82170761500E65920 /* Debug */ = {
			isa = XCBuildConfiguration;
			buildSettings = {
				ALWAYS_SEARCH_USER_PATHS = NO;
				CLANG_ANALYZER_NONNULL = YES;
				CLANG_ANALYZER_NUMBER_OBJECT_CONVERSION = YES_AGGRESSIVE;
				CLANG_CXX_LANGUAGE_STANDARD = "gnu++14";
				CLANG_CXX_LIBRARY = "libc++";
				CLANG_ENABLE_MODULES = YES;
				CLANG_ENABLE_OBJC_ARC = YES;
				CLANG_ENABLE_OBJC_WEAK = YES;
				CLANG_WARN_BLOCK_CAPTURE_AUTORELEASING = YES;
				CLANG_WARN_BOOL_CONVERSION = YES;
				CLANG_WARN_COMMA = YES;
				CLANG_WARN_CONSTANT_CONVERSION = YES;
				CLANG_WARN_DEPRECATED_OBJC_IMPLEMENTATIONS = YES;
				CLANG_WARN_DIRECT_OBJC_ISA_USAGE = YES_ERROR;
				CLANG_WARN_DOCUMENTATION_COMMENTS = YES;
				CLANG_WARN_EMPTY_BODY = YES;
				CLANG_WARN_ENUM_CONVERSION = YES;
				CLANG_WARN_INFINITE_RECURSION = YES;
				CLANG_WARN_INT_CONVERSION = YES;
				CLANG_WARN_NON_LITERAL_NULL_CONVERSION = YES;
				CLANG_WARN_OBJC_IMPLICIT_RETAIN_SELF = YES;
				CLANG_WARN_OBJC_LITERAL_CONVERSION = YES;
				CLANG_WARN_OBJC_ROOT_CLASS = YES_ERROR;
				CLANG_WARN_RANGE_LOOP_ANALYSIS = YES;
				CLANG_WARN_STRICT_PROTOTYPES = YES;
				CLANG_WARN_SUSPICIOUS_MOVE = YES;
				CLANG_WARN_UNGUARDED_AVAILABILITY = YES_AGGRESSIVE;
				CLANG_WARN_UNREACHABLE_CODE = YES;
				CLANG_WARN__DUPLICATE_METHOD_MATCH = YES;
				CODE_SIGN_IDENTITY = "iPhone Developer";
				COPY_PHASE_STRIP = NO;
				DEBUG_INFORMATION_FORMAT = dwarf;
				ENABLE_STRICT_OBJC_MSGSEND = YES;
				ENABLE_TESTABILITY = YES;
				GCC_C_LANGUAGE_STANDARD = gnu11;
				GCC_DYNAMIC_NO_PIC = NO;
				GCC_NO_COMMON_BLOCKS = YES;
				GCC_OPTIMIZATION_LEVEL = 0;
				GCC_PREPROCESSOR_DEFINITIONS = (
					"DEBUG=1",
					"$(inherited)",
				);
				GCC_WARN_64_TO_32_BIT_CONVERSION = YES;
				GCC_WARN_ABOUT_RETURN_TYPE = YES_ERROR;
				GCC_WARN_UNDECLARED_SELECTOR = YES;
				GCC_WARN_UNINITIALIZED_AUTOS = YES_AGGRESSIVE;
				GCC_WARN_UNUSED_FUNCTION = YES;
				GCC_WARN_UNUSED_VARIABLE = YES;
				IPHONEOS_DEPLOYMENT_TARGET = 12.0;
				MTL_ENABLE_DEBUG_INFO = INCLUDE_SOURCE;
				MTL_FAST_MATH = YES;
				ONLY_ACTIVE_ARCH = YES;
				SDKROOT = iphoneos;
				SWIFT_ACTIVE_COMPILATION_CONDITIONS = DEBUG;
				SWIFT_OPTIMIZATION_LEVEL = "-Onone";
			};
			name = Debug;
		};
		ABFCC5B92170761500E65920 /* Release */ = {
			isa = XCBuildConfiguration;
			buildSettings = {
				ALWAYS_SEARCH_USER_PATHS = NO;
				CLANG_ANALYZER_NONNULL = YES;
				CLANG_ANALYZER_NUMBER_OBJECT_CONVERSION = YES_AGGRESSIVE;
				CLANG_CXX_LANGUAGE_STANDARD = "gnu++14";
				CLANG_CXX_LIBRARY = "libc++";
				CLANG_ENABLE_MODULES = YES;
				CLANG_ENABLE_OBJC_ARC = YES;
				CLANG_ENABLE_OBJC_WEAK = YES;
				CLANG_WARN_BLOCK_CAPTURE_AUTORELEASING = YES;
				CLANG_WARN_BOOL_CONVERSION = YES;
				CLANG_WARN_COMMA = YES;
				CLANG_WARN_CONSTANT_CONVERSION = YES;
				CLANG_WARN_DEPRECATED_OBJC_IMPLEMENTATIONS = YES;
				CLANG_WARN_DIRECT_OBJC_ISA_USAGE = YES_ERROR;
				CLANG_WARN_DOCUMENTATION_COMMENTS = YES;
				CLANG_WARN_EMPTY_BODY = YES;
				CLANG_WARN_ENUM_CONVERSION = YES;
				CLANG_WARN_INFINITE_RECURSION = YES;
				CLANG_WARN_INT_CONVERSION = YES;
				CLANG_WARN_NON_LITERAL_NULL_CONVERSION = YES;
				CLANG_WARN_OBJC_IMPLICIT_RETAIN_SELF = YES;
				CLANG_WARN_OBJC_LITERAL_CONVERSION = YES;
				CLANG_WARN_OBJC_ROOT_CLASS = YES_ERROR;
				CLANG_WARN_RANGE_LOOP_ANALYSIS = YES;
				CLANG_WARN_STRICT_PROTOTYPES = YES;
				CLANG_WARN_SUSPICIOUS_MOVE = YES;
				CLANG_WARN_UNGUARDED_AVAILABILITY = YES_AGGRESSIVE;
				CLANG_WARN_UNREACHABLE_CODE = YES;
				CLANG_WARN__DUPLICATE_METHOD_MATCH = YES;
				CODE_SIGN_IDENTITY = "iPhone Developer";
				COPY_PHASE_STRIP = NO;
				DEBUG_INFORMATION_FORMAT = "dwarf-with-dsym";
				ENABLE_NS_ASSERTIONS = NO;
				ENABLE_STRICT_OBJC_MSGSEND = YES;
				GCC_C_LANGUAGE_STANDARD = gnu11;
				GCC_NO_COMMON_BLOCKS = YES;
				GCC_WARN_64_TO_32_BIT_CONVERSION = YES;
				GCC_WARN_ABOUT_RETURN_TYPE = YES_ERROR;
				GCC_WARN_UNDECLARED_SELECTOR = YES;
				GCC_WARN_UNINITIALIZED_AUTOS = YES_AGGRESSIVE;
				GCC_WARN_UNUSED_FUNCTION = YES;
				GCC_WARN_UNUSED_VARIABLE = YES;
				IPHONEOS_DEPLOYMENT_TARGET = 12.0;
				MTL_ENABLE_DEBUG_INFO = NO;
				MTL_FAST_MATH = YES;
				SDKROOT = iphoneos;
				SWIFT_COMPILATION_MODE = wholemodule;
				SWIFT_OPTIMIZATION_LEVEL = "-O";
				VALIDATE_PRODUCT = YES;
			};
			name = Release;
		};
		ABFCC5BB2170761500E65920 /* Debug */ = {
			isa = XCBuildConfiguration;
			buildSettings = {
				ASSETCATALOG_COMPILER_APPICON_NAME = AppIcon;
				CODE_SIGN_STYLE = Automatic;
				DEVELOPMENT_TEAM = RF5UTFUJZX;
				INFOPLIST_FILE = BabyJaundice/Info.plist;
				LD_RUNPATH_SEARCH_PATHS = (
					"$(inherited)",
					"@executable_path/Frameworks",
				);
				PRODUCT_BUNDLE_IDENTIFIER = Talha.BabyJaundice;
				PRODUCT_NAME = "$(TARGET_NAME)";
				SWIFT_VERSION = 4.2;
				TARGETED_DEVICE_FAMILY = "1,2";
			};
			name = Debug;
		};
		ABFCC5BC2170761500E65920 /* Release */ = {
			isa = XCBuildConfiguration;
			buildSettings = {
				ASSETCATALOG_COMPILER_APPICON_NAME = AppIcon;
				CODE_SIGN_STYLE = Automatic;
				DEVELOPMENT_TEAM = RF5UTFUJZX;
				INFOPLIST_FILE = BabyJaundice/Info.plist;
				LD_RUNPATH_SEARCH_PATHS = (
					"$(inherited)",
					"@executable_path/Frameworks",
				);
				PRODUCT_BUNDLE_IDENTIFIER = Talha.BabyJaundice;
				PRODUCT_NAME = "$(TARGET_NAME)";
				SWIFT_VERSION = 4.2;
				TARGETED_DEVICE_FAMILY = "1,2";
			};
			name = Release;
		};
/* End XCBuildConfiguration section */

/* Begin XCConfigurationList section */
		ABFCC5A02170761400E65920 /* Build configuration list for PBXProject "BabyJaundice" */ = {
			isa = XCConfigurationList;
			buildConfigurations = (
				ABFCC5B82170761500E65920 /* Debug */,
				ABFCC5B92170761500E65920 /* Release */,
			);
			defaultConfigurationIsVisible = 0;
			defaultConfigurationName = Release;
		};
		ABFCC5BA2170761500E65920 /* Build configuration list for PBXNativeTarget "BabyJaundice" */ = {
			isa = XCConfigurationList;
			buildConfigurations = (
				ABFCC5BB2170761500E65920 /* Debug */,
				ABFCC5BC2170761500E65920 /* Release */,
			);
			defaultConfigurationIsVisible = 0;
			defaultConfigurationName = Release;
		};
/* End XCConfigurationList section */

/* Begin XCVersionGroup section */
		ABFCC5AF2170761400E65920 /* BabyJaundice.xcdatamodeld */ = {
			isa = XCVersionGroup;
			children = (
				ABFCC5B02170761400E65920 /* BabyJaundice.xcdatamodel */,
			);
			currentVersion = ABFCC5B02170761400E65920 /* BabyJaundice.xcdatamodel */;
			path = BabyJaundice.xcdatamodeld;
			sourceTree = "<group>";
			versionGroupType = wrapper.xcdatamodel;
		};
/* End XCVersionGroup section */
	};
	rootObject = ABFCC59D2170761400E65920 /* Project object */;
}
